
Microsoft Visual Studio Solution File, Format Version 12.00
# Visual Studio Version 17
VisualStudioVersion = 17.12.35728.132 d17.12
MinimumVisualStudioVersion = 10.0.40219.1
Project("{FAE04EC0-301F-11D3-BF4B-00C04F79EFBC}") = "BlazorServer", "BlazorServer\BlazorServer\BlazorServer.csproj", "{FBCBA200-FA82-41AE-8508-91F3AB9B997C}"
EndProject
Project("{FAE04EC0-301F-11D3-BF4B-00C04F79EFBC}") = "BlazorServer.Client", "BlazorServer\BlazorServer.Client\BlazorServer.Client.csproj", "{AFAA71D4-1B39-4848-945C-04A1E2149D91}"
EndProject
Global
	GlobalSection(SolutionConfigurationPlatforms) = preSolution
		Debug|Any CPU = Debug|Any CPU
		Release|Any CPU = Release|Any CPU
	EndGlobalSection
	GlobalSection(ProjectConfigurationPlatforms) = postSolution
		{FBCBA200-FA82-41AE-8508-91F3AB9B997C}.Debug|Any CPU.ActiveCfg = Debug|Any CPU
		{FBCBA200-FA82-41AE-8508-91F3AB9B997C}.Debug|Any CPU.Build.0 = Debug|Any CPU
		{FBCBA200-FA82-41AE-8508-91F3AB9B997C}.Release|Any CPU.ActiveCfg = Release|Any CPU
		{FBCBA200-FA82-41AE-8508-91F3AB9B997C}.Release|Any CPU.Build.0 = Release|Any CPU
		{AFAA71D4-1B39-4848-945C-04A1E2149D91}.Debug|Any CPU.ActiveCfg = Debug|Any CPU
		{AFAA71D4-1B39-4848-945C-04A1E2149D91}.Debug|Any CPU.Build.0 = Debug|Any CPU
		{AFAA71D4-1B39-4848-945C-04A1E2149D91}.Release|Any CPU.ActiveCfg = Release|Any CPU
		{AFAA71D4-1B39-4848-945C-04A1E2149D91}.Release|Any CPU.Build.0 = Release|Any CPU
	EndGlobalSection
	GlobalSection(SolutionProperties) = preSolution
		HideSolutionNode = FALSE
	EndGlobalSection
EndGlobal
