
Microsoft Visual Studio Solution File, Format Version 12.00
# Visual Studio Version 17
VisualStudioVersion = 17.14.37502.11 d17.14
MinimumVisualStudioVersion = 10.0.40219.1
Project("{FAE04EC0-301F-11D3-BF4B-00C04F79EFBC}") = "LearningOOP", "LearningOOP.csproj", "{A70EC17D-2509-4FC4-AB24-E5A50BD15A24}"
EndProject
Global
	GlobalSection(SolutionConfigurationPlatforms) = preSolution
		Debug|Any CPU = Debug|Any CPU
		Release|Any CPU = Release|Any CPU
	EndGlobalSection
	GlobalSection(ProjectConfigurationPlatforms) = postSolution
		{A70EC17D-2509-4FC4-AB24-E5A50BD15A24}.Debug|Any CPU.ActiveCfg = Debug|Any CPU
		{A70EC17D-2509-4FC4-AB24-E5A50BD15A24}.Debug|Any CPU.Build.0 = Debug|Any CPU
		{A70EC17D-2509-4FC4-AB24-E5A50BD15A24}.Release|Any CPU.ActiveCfg = Release|Any CPU
		{A70EC17D-2509-4FC4-AB24-E5A50BD15A24}.Release|Any CPU.Build.0 = Release|Any CPU
	EndGlobalSection
	GlobalSection(SolutionProperties) = preSolution
		HideSolutionNode = FALSE
	EndGlobalSection
	GlobalSection(ExtensibilityGlobals) = postSolution
		SolutionGuid = {11D1F8B7-509A-45FD-81C8-ABDE79FDB371}
	EndGlobalSection
EndGlobal
