
Microsoft Visual Studio Solution File, Format Version 12.00
# Visual Studio Version 17
VisualStudioVersion = 17.14.37502.11 d17.14
MinimumVisualStudioVersion = 10.0.40219.1
Project("{FAE04EC0-301F-11D3-BF4B-00C04F79EFBC}") = "Learning_Linq", "Learning_Linq.csproj", "{73DB9689-C230-4083-A4DB-1EF383E9D28D}"
EndProject
Global
	GlobalSection(SolutionConfigurationPlatforms) = preSolution
		Debug|Any CPU = Debug|Any CPU
		Release|Any CPU = Release|Any CPU
	EndGlobalSection
	GlobalSection(ProjectConfigurationPlatforms) = postSolution
		{73DB9689-C230-4083-A4DB-1EF383E9D28D}.Debug|Any CPU.ActiveCfg = Debug|Any CPU
		{73DB9689-C230-4083-A4DB-1EF383E9D28D}.Debug|Any CPU.Build.0 = Debug|Any CPU
		{73DB9689-C230-4083-A4DB-1EF383E9D28D}.Release|Any CPU.ActiveCfg = Release|Any CPU
		{73DB9689-C230-4083-A4DB-1EF383E9D28D}.Release|Any CPU.Build.0 = Release|Any CPU
	EndGlobalSection
	GlobalSection(SolutionProperties) = preSolution
		HideSolutionNode = FALSE
	EndGlobalSection
	GlobalSection(ExtensibilityGlobals) = postSolution
		SolutionGuid = {EDC2D641-AA06-4F38-8B75-7544BB343A06}
	EndGlobalSection
EndGlobal
