
Microsoft Visual Studio Solution File, Format Version 12.00
# Visual Studio Version 17
VisualStudioVersion = 17.9.34723.18
MinimumVisualStudioVersion = 10.0.40219.1
Project("{FAE04EC0-301F-11D3-BF4B-00C04F79EFBC}") = "MultiThreading1", "MultiThreading1.csproj", "{09A1E45C-BBA0-457D-B981-9BEEFEA36DE1}"
EndProject
Global
	GlobalSection(SolutionConfigurationPlatforms) = preSolution
		Debug|Any CPU = Debug|Any CPU
		Release|Any CPU = Release|Any CPU
	EndGlobalSection
	GlobalSection(ProjectConfigurationPlatforms) = postSolution
		{09A1E45C-BBA0-457D-B981-9BEEFEA36DE1}.Debug|Any CPU.ActiveCfg = Debug|Any CPU
		{09A1E45C-BBA0-457D-B981-9BEEFEA36DE1}.Debug|Any CPU.Build.0 = Debug|Any CPU
		{09A1E45C-BBA0-457D-B981-9BEEFEA36DE1}.Release|Any CPU.ActiveCfg = Release|Any CPU
		{09A1E45C-BBA0-457D-B981-9BEEFEA36DE1}.Release|Any CPU.Build.0 = Release|Any CPU
	EndGlobalSection
	GlobalSection(SolutionProperties) = preSolution
		HideSolutionNode = FALSE
	EndGlobalSection
	GlobalSection(ExtensibilityGlobals) = postSolution
		SolutionGuid = {0AEB3778-1BB1-4396-97F1-3286282D4DDD}
	EndGlobalSection
EndGlobal
