
Microsoft Visual Studio Solution File, Format Version 12.00
# Visual Studio Version 17
VisualStudioVersion = 17.14.36203.30 d17.14
MinimumVisualStudioVersion = 10.0.40219.1
Project("{FAE04EC0-301F-11D3-BF4B-00C04F79EFBC}") = "CshOOPPractice", "CshOOPPractice.csproj", "{6FBD6E3A-DE74-4707-B767-66FB4FCC93F9}"
EndProject
Global
	GlobalSection(SolutionConfigurationPlatforms) = preSolution
		Debug|Any CPU = Debug|Any CPU
		Release|Any CPU = Release|Any CPU
	EndGlobalSection
	GlobalSection(ProjectConfigurationPlatforms) = postSolution
		{6FBD6E3A-DE74-4707-B767-66FB4FCC93F9}.Debug|Any CPU.ActiveCfg = Debug|Any CPU
		{6FBD6E3A-DE74-4707-B767-66FB4FCC93F9}.Debug|Any CPU.Build.0 = Debug|Any CPU
		{6FBD6E3A-DE74-4707-B767-66FB4FCC93F9}.Release|Any CPU.ActiveCfg = Release|Any CPU
		{6FBD6E3A-DE74-4707-B767-66FB4FCC93F9}.Release|Any CPU.Build.0 = Release|Any CPU
	EndGlobalSection
	GlobalSection(SolutionProperties) = preSolution
		HideSolutionNode = FALSE
	EndGlobalSection
	GlobalSection(ExtensibilityGlobals) = postSolution
		SolutionGuid = {4B575B1B-1C55-46C1-BAB2-190FFCFEAC17}
	EndGlobalSection
EndGlobal
